// !$*UTF8*$!
{
	archiveVersion = 1;
	classes = {
	};
	objectVersion = 51;
	objects = {

/* Begin PBXBuildFile section */
		035CF13126B058B300A4B4E8 /* UsersService.swift in Sources */ = {isa = PBXBuildFile; fileRef = 035CF13026B058B300A4B4E8 /* UsersService.swift */; };
		035CF13626B05C5F00A4B4E8 /* UsersNetworkManager.swift in Sources */ = {isa = PBXBuildFile; fileRef = 035CF13526B05C5F00A4B4E8 /* UsersNetworkManager.swift */; };
		035CF13826B05D7700A4B4E8 /* User.swift in Sources */ = {isa = PBXBuildFile; fileRef = 035CF13726B05D7700A4B4E8 /* User.swift */; };
		035CF13A26B05E5800A4B4E8 /* UsersViewModel.swift in Sources */ = {isa = PBXBuildFile; fileRef = 035CF13926B05E5800A4B4E8 /* UsersViewModel.swift */; };
		03DA6A8126B0494800030802 /* AppDelegate.swift in Sources */ = {isa = PBXBuildFile; fileRef = 03DA6A8026B0494800030802 /* AppDelegate.swift */; };
		03DA6A8326B0494800030802 /* SceneDelegate.swift in Sources */ = {isa = PBXBuildFile; fileRef = 03DA6A8226B0494800030802 /* SceneDelegate.swift */; };
		03DA6A8826B0494800030802 /* Main.storyboard in Resources */ = {isa = PBXBuildFile; fileRef = 03DA6A8626B0494800030802 /* Main.storyboard */; };
		03DA6A8A26B0494A00030802 /* Assets.xcassets in Resources */ = {isa = PBXBuildFile; fileRef = 03DA6A8926B0494A00030802 /* Assets.xcassets */; };
		03DA6A8D26B0494A00030802 /* LaunchScreen.storyboard in Resources */ = {isa = PBXBuildFile; fileRef = 03DA6A8B26B0494A00030802 /* LaunchScreen.storyboard */; };
		03DA6A9526B04AE100030802 /* AppCoordinator.swift in Sources */ = {isa = PBXBuildFile; fileRef = 03DA6A9426B04AE100030802 /* AppCoordinator.swift */; };
		03DA6A9726B04B5000030802 /* Storyboarded.swift in Sources */ = {isa = PBXBuildFile; fileRef = 03DA6A9626B04B5000030802 /* Storyboarded.swift */; };
		03DA6A9926B04C4200030802 /* PhotosViewController.swift in Sources */ = {isa = PBXBuildFile; fileRef = 03DA6A9826B04C4200030802 /* PhotosViewController.swift */; };
		734D8BE979E057DA4CFB6E63 /* Pods_TrianglzTask.framework in Frameworks */ = {isa = PBXBuildFile; fileRef = 3726C9F633AD72354ED9DDDF /* Pods_TrianglzTask.framework */; };
/* End PBXBuildFile section */

/* Begin PBXFileReference section */
		035CF13026B058B300A4B4E8 /* UsersService.swift */ = {isa = PBXFileReference; lastKnownFileType = sourcecode.swift; path = UsersService.swift; sourceTree = "<group>"; };
		035CF13526B05C5F00A4B4E8 /* UsersNetworkManager.swift */ = {isa = PBXFileReference; lastKnownFileType = sourcecode.swift; path = UsersNetworkManager.swift; sourceTree = "<group>"; };
		035CF13726B05D7700A4B4E8 /* User.swift */ = {isa = PBXFileReference; lastKnownFileType = sourcecode.swift; path = User.swift; sourceTree = "<group>"; };
		035CF13926B05E5800A4B4E8 /* UsersViewModel.swift */ = {isa = PBXFileReference; lastKnownFileType = sourcecode.swift; path = UsersViewModel.swift; sourceTree = "<group>"; };
		03DA6A7D26B0494800030802 /* TrianglzTask.app */ = {isa = PBXFileReference; explicitFileType = wrapper.application; includeInIndex = 0; path = TrianglzTask.app; sourceTree = BUILT_PRODUCTS_DIR; };
		03DA6A8026B0494800030802 /* AppDelegate.swift */ = {isa = PBXFileReference; lastKnownFileType = sourcecode.swift; path = AppDelegate.swift; sourceTree = "<group>"; };
		03DA6A8226B0494800030802 /* SceneDelegate.swift */ = {isa = PBXFileReference; lastKnownFileType = sourcecode.swift; path = SceneDelegate.swift; sourceTree = "<group>"; };
		03DA6A8726B0494800030802 /* Base */ = {isa = PBXFileReference; lastKnownFileType = file.storyboard; name = Base; path = Base.lproj/Main.storyboard; sourceTree = "<group>"; };
		03DA6A8926B0494A00030802 /* Assets.xcassets */ = {isa = PBXFileReference; lastKnownFileType = folder.assetcatalog; path = Assets.xcassets; sourceTree = "<group>"; };
		03DA6A8C26B0494A00030802 /* Base */ = {isa = PBXFileReference; lastKnownFileType = file.storyboard; name = Base; path = Base.lproj/LaunchScreen.storyboard; sourceTree = "<group>"; };
		03DA6A8E26B0494A00030802 /* Info.plist */ = {isa = PBXFileReference; lastKnownFileType = text.plist.xml; path = Info.plist; sourceTree = "<group>"; };
		03DA6A9426B04AE100030802 /* AppCoordinator.swift */ = {isa = PBXFileReference; lastKnownFileType = sourcecode.swift; path = AppCoordinator.swift; sourceTree = "<group>"; };
		03DA6A9626B04B5000030802 /* Storyboarded.swift */ = {isa = PBXFileReference; lastKnownFileType = sourcecode.swift; path = Storyboarded.swift; sourceTree = "<group>"; };
		03DA6A9826B04C4200030802 /* PhotosViewController.swift */ = {isa = PBXFileReference; lastKnownFileType = sourcecode.swift; path = PhotosViewController.swift; sourceTree = "<group>"; };
		3726C9F633AD72354ED9DDDF /* Pods_TrianglzTask.framework */ = {isa = PBXFileReference; explicitFileType = wrapper.framework; includeInIndex = 0; path = Pods_TrianglzTask.framework; sourceTree = BUILT_PRODUCTS_DIR; };
		639E12448ABA475BD5981682 /* Pods-TrianglzTask.debug.xcconfig */ = {isa = PBXFileReference; includeInIndex = 1; lastKnownFileType = text.xcconfig; name = "Pods-TrianglzTask.debug.xcconfig"; path = "Target Support Files/Pods-TrianglzTask/Pods-TrianglzTask.debug.xcconfig"; sourceTree = "<group>"; };
		F17189FDE0E1F09E02EBC3EF /* Pods-TrianglzTask.release.xcconfig */ = {isa = PBXFileReference; includeInIndex = 1; lastKnownFileType = text.xcconfig; name = "Pods-TrianglzTask.release.xcconfig"; path = "Target Support Files/Pods-TrianglzTask/Pods-TrianglzTask.release.xcconfig"; sourceTree = "<group>"; };
/* End PBXFileReference section */

/* Begin PBXFrameworksBuildPhase section */
		03DA6A7A26B0494800030802 /* Frameworks */ = {
			isa = PBXFrameworksBuildPhase;
			buildActionMask = 2147483647;
			files = (
				734D8BE979E057DA4CFB6E63 /* Pods_TrianglzTask.framework in Frameworks */,
			);
			runOnlyForDeploymentPostprocessing = 0;
		};
/* End PBXFrameworksBuildPhase section */

/* Begin PBXGroup section */
		035CF12E26B0589100A4B4E8 /* ViewMode */ = {
			isa = PBXGroup;
			children = (
				035CF13926B05E5800A4B4E8 /* UsersViewModel.swift */,
			);
			path = ViewMode;
			sourceTree = "<group>";
		};
		035CF12F26B058A100A4B4E8 /* Network */ = {
			isa = PBXGroup;
			children = (
				035CF13026B058B300A4B4E8 /* UsersService.swift */,
				035CF13526B05C5F00A4B4E8 /* UsersNetworkManager.swift */,
			);
			path = Network;
			sourceTree = "<group>";
		};
		035CF13426B05A1900A4B4E8 /* Model */ = {
			isa = PBXGroup;
			children = (
				035CF13726B05D7700A4B4E8 /* User.swift */,
			);
			path = Model;
			sourceTree = "<group>";
		};
		03DA6A7426B0494800030802 = {
			isa = PBXGroup;
			children = (
				03DA6A7F26B0494800030802 /* TrianglzTask */,
				03DA6A7E26B0494800030802 /* Products */,
				9410F13BCF1C15EC90BA307F /* Pods */,
				2E442EA2B850E336B7D5EE6E /* Frameworks */,
			);
			sourceTree = "<group>";
		};
		03DA6A7E26B0494800030802 /* Products */ = {
			isa = PBXGroup;
			children = (
				03DA6A7D26B0494800030802 /* TrianglzTask.app */,
			);
			name = Products;
			sourceTree = "<group>";
		};
		03DA6A7F26B0494800030802 /* TrianglzTask */ = {
			isa = PBXGroup;
			children = (
				03DA6A9A26B04C9600030802 /* Photos */,
				03DA6A8026B0494800030802 /* AppDelegate.swift */,
				03DA6A9826B04C4200030802 /* PhotosViewController.swift */,
				03DA6A8226B0494800030802 /* SceneDelegate.swift */,
				03DA6A9426B04AE100030802 /* AppCoordinator.swift */,
				03DA6A9626B04B5000030802 /* Storyboarded.swift */,
				03DA6A8626B0494800030802 /* Main.storyboard */,
				03DA6A8926B0494A00030802 /* Assets.xcassets */,
				03DA6A8B26B0494A00030802 /* LaunchScreen.storyboard */,
				03DA6A8E26B0494A00030802 /* Info.plist */,
			);
			path = TrianglzTask;
			sourceTree = "<group>";
		};
		03DA6A9A26B04C9600030802 /* Photos */ = {
			isa = PBXGroup;
			children = (
				035CF13426B05A1900A4B4E8 /* Model */,
				035CF12F26B058A100A4B4E8 /* Network */,
				035CF12E26B0589100A4B4E8 /* ViewMode */,
				03DA6A9B26B04C9B00030802 /* Views */,
			);
			path = Photos;
			sourceTree = "<group>";
		};
		03DA6A9B26B04C9B00030802 /* Views */ = {
			isa = PBXGroup;
			children = (
				03DA6A9D26B04CAB00030802 /* Cells */,
				03DA6A9C26B04CA400030802 /* Controller */,
			);
			path = Views;
			sourceTree = "<group>";
		};
		03DA6A9C26B04CA400030802 /* Controller */ = {
			isa = PBXGroup;
			children = (
			);
			path = Controller;
			sourceTree = "<group>";
		};
		03DA6A9D26B04CAB00030802 /* Cells */ = {
			isa = PBXGroup;
			children = (
			);
			path = Cells;
			sourceTree = "<group>";
		};
		2E442EA2B850E336B7D5EE6E /* Frameworks */ = {
			isa = PBXGroup;
			children = (
				3726C9F633AD72354ED9DDDF /* Pods_TrianglzTask.framework */,
			);
			name = Frameworks;
			sourceTree = "<group>";
		};
		9410F13BCF1C15EC90BA307F /* Pods */ = {
			isa = PBXGroup;
			children = (
				639E12448ABA475BD5981682 /* Pods-TrianglzTask.debug.xcconfig */,
				F17189FDE0E1F09E02EBC3EF /* Pods-TrianglzTask.release.xcconfig */,
			);
			path = Pods;
			sourceTree = "<group>";
		};
/* End PBXGroup section */

/* Begin PBXNativeTarget section */
		03DA6A7C26B0494800030802 /* TrianglzTask */ = {
			isa = PBXNativeTarget;
			buildConfigurationList = 03DA6A9126B0494A00030802 /* Build configuration list for PBXNativeTarget "TrianglzTask" */;
			buildPhases = (
				28C5BCA233631D51A8833B28 /* [CP] Check Pods Manifest.lock */,
				03DA6A7926B0494800030802 /* Sources */,
				03DA6A7A26B0494800030802 /* Frameworks */,
				03DA6A7B26B0494800030802 /* Resources */,
				1CED1DF2AE2D6CE43F2E275A /* [CP] Embed Pods Frameworks */,
			);
			buildRules = (
			);
			dependencies = (
			);
			name = TrianglzTask;
			productName = TrianglzTask;
			productReference = 03DA6A7D26B0494800030802 /* TrianglzTask.app */;
			productType = "com.apple.product-type.application";
		};
/* End PBXNativeTarget section */

/* Begin PBXProject section */
		03DA6A7526B0494800030802 /* Project object */ = {
			isa = PBXProject;
			attributes = {
				LastSwiftUpdateCheck = 1130;
				LastUpgradeCheck = 1130;
				ORGANIZATIONNAME = Aya;
				TargetAttributes = {
					03DA6A7C26B0494800030802 = {
						CreatedOnToolsVersion = 11.3.1;
					};
				};
			};
			buildConfigurationList = 03DA6A7826B0494800030802 /* Build configuration list for PBXProject "TrianglzTask" */;
			compatibilityVersion = "Xcode 9.3";
			developmentRegion = en;
			hasScannedForEncodings = 0;
			knownRegions = (
				en,
				Base,
			);
			mainGroup = 03DA6A7426B0494800030802;
			productRefGroup = 03DA6A7E26B0494800030802 /* Products */;
			projectDirPath = "";
			projectRoot = "";
			targets = (
				03DA6A7C26B0494800030802 /* TrianglzTask */,
			);
		};
/* End PBXProject section */

/* Begin PBXResourcesBuildPhase section */
		03DA6A7B26B0494800030802 /* Resources */ = {
			isa = PBXResourcesBuildPhase;
			buildActionMask = 2147483647;
			files = (
				03DA6A8D26B0494A00030802 /* LaunchScreen.storyboard in Resources */,
				03DA6A8A26B0494A00030802 /* Assets.xcassets in Resources */,
				03DA6A8826B0494800030802 /* Main.storyboard in Resources */,
			);
			runOnlyForDeploymentPostprocessing = 0;
		};
/* End PBXResourcesBuildPhase section */

/* Begin PBXShellScriptBuildPhase section */
		1CED1DF2AE2D6CE43F2E275A /* [CP] Embed Pods Frameworks */ = {
			isa = PBXShellScriptBuildPhase;
			buildActionMask = 2147483647;
			files = (
			);
			inputFileListPaths = (
				"${PODS_ROOT}/Target Support Files/Pods-TrianglzTask/Pods-TrianglzTask-frameworks-${CONFIGURATION}-input-files.xcfilelist",
			);
			name = "[CP] Embed Pods Frameworks";
			outputFileListPaths = (
				"${PODS_ROOT}/Target Support Files/Pods-TrianglzTask/Pods-TrianglzTask-frameworks-${CONFIGURATION}-output-files.xcfilelist",
			);
			runOnlyForDeploymentPostprocessing = 0;
			shellPath = /bin/sh;
			shellScript = "\"${PODS_ROOT}/Target Support Files/Pods-TrianglzTask/Pods-TrianglzTask-frameworks.sh\"\n";
			showEnvVarsInLog = 0;
		};
		28C5BCA233631D51A8833B28 /* [CP] Check Pods Manifest.lock */ = {
			isa = PBXShellScriptBuildPhase;
			buildActionMask = 2147483647;
			files = (
			);
			inputFileListPaths = (
			);
			inputPaths = (
				"${PODS_PODFILE_DIR_PATH}/Podfile.lock",
				"${PODS_ROOT}/Manifest.lock",
			);
			name = "[CP] Check Pods Manifest.lock";
			outputFileListPaths = (
			);
			outputPaths = (
				"$(DERIVED_FILE_DIR)/Pods-TrianglzTask-checkManifestLockResult.txt",
			);
			runOnlyForDeploymentPostprocessing = 0;
			shellPath = /bin/sh;
			shellScript = "diff \"${PODS_PODFILE_DIR_PATH}/Podfile.lock\" \"${PODS_ROOT}/Manifest.lock\" > /dev/null\nif [ $? != 0 ] ; then\n    # print error to STDERR\n    echo \"error: The sandbox is not in sync with the Podfile.lock. Run 'pod install' or update your CocoaPods installation.\" >&2\n    exit 1\nfi\n# This output is used by Xcode 'outputs' to avoid re-running this script phase.\necho \"SUCCESS\" > \"${SCRIPT_OUTPUT_FILE_0}\"\n";
			showEnvVarsInLog = 0;
		};
/* End PBXShellScriptBuildPhase section */

/* Begin PBXSourcesBuildPhase section */
		03DA6A7926B0494800030802 /* Sources */ = {
			isa = PBXSourcesBuildPhase;
			buildActionMask = 2147483647;
			files = (
				035CF13626B05C5F00A4B4E8 /* UsersNetworkManager.swift in Sources */,
				03DA6A9526B04AE100030802 /* AppCoordinator.swift in Sources */,
				03DA6A9726B04B5000030802 /* Storyboarded.swift in Sources */,
				03DA6A8126B0494800030802 /* AppDelegate.swift in Sources */,
				035CF13826B05D7700A4B4E8 /* User.swift in Sources */,
				03DA6A8326B0494800030802 /* SceneDelegate.swift in Sources */,
				035CF13126B058B300A4B4E8 /* UsersService.swift in Sources */,
				035CF13A26B05E5800A4B4E8 /* UsersViewModel.swift in Sources */,
				03DA6A9926B04C4200030802 /* PhotosViewController.swift in Sources */,
			);
			runOnlyForDeploymentPostprocessing = 0;
		};
/* End PBXSourcesBuildPhase section */

/* Begin PBXVariantGroup section */
		03DA6A8626B0494800030802 /* Main.storyboard */ = {
			isa = PBXVariantGroup;
			children = (
				03DA6A8726B0494800030802 /* Base */,
			);
			name = Main.storyboard;
			sourceTree = "<group>";
		};
		03DA6A8B26B0494A00030802 /* LaunchScreen.storyboard */ = {
			isa = PBXVariantGroup;
			children = (
				03DA6A8C26B0494A00030802 /* Base */,
			);
			name = LaunchScreen.storyboard;
			sourceTree = "<group>";
		};
/* End PBXVariantGroup section */

/* Begin XCBuildConfiguration section */
		03DA6A8F26B0494A00030802 /* Debug */ = {
			isa = XCBuildConfiguration;
			buildSettings = {
				ALWAYS_SEARCH_USER_PATHS = NO;
				CLANG_ANALYZER_NONNULL = YES;
				CLANG_ANALYZER_NUMBER_OBJECT_CONVERSION = YES_AGGRESSIVE;
				CLANG_CXX_LANGUAGE_STANDARD = "gnu++14";
				CLANG_CXX_LIBRARY = "libc++";
				CLANG_ENABLE_MODULES = YES;
				CLANG_ENABLE_OBJC_ARC = YES;
				CLANG_ENABLE_OBJC_WEAK = YES;
				CLANG_WARN_BLOCK_CAPTURE_AUTORELEASING = YES;
				CLANG_WARN_BOOL_CONVERSION = YES;
				CLANG_WARN_COMMA = YES;
				CLANG_WARN_CONSTANT_CONVERSION = YES;
				CLANG_WARN_DEPRECATED_OBJC_IMPLEMENTATIONS = YES;
				CLANG_WARN_DIRECT_OBJC_ISA_USAGE = YES_ERROR;
				CLANG_WARN_DOCUMENTATION_COMMENTS = YES;
				CLANG_WARN_EMPTY_BODY = YES;
				CLANG_WARN_ENUM_CONVERSION = YES;
				CLANG_WARN_INFINITE_RECURSION = YES;
				CLANG_WARN_INT_CONVERSION = YES;
				CLANG_WARN_NON_LITERAL_NULL_CONVERSION = YES;
				CLANG_WARN_OBJC_IMPLICIT_RETAIN_SELF = YES;
				CLANG_WARN_OBJC_LITERAL_CONVERSION = YES;
				CLANG_WARN_OBJC_ROOT_CLASS = YES_ERROR;
				CLANG_WARN_RANGE_LOOP_ANALYSIS = YES;
				CLANG_WARN_STRICT_PROTOTYPES = YES;
				CLANG_WARN_SUSPICIOUS_MOVE = YES;
				CLANG_WARN_UNGUARDED_AVAILABILITY = YES_AGGRESSIVE;
				CLANG_WARN_UNREACHABLE_CODE = YES;
				CLANG_WARN__DUPLICATE_METHOD_MATCH = YES;
				COPY_PHASE_STRIP = NO;
				DEBUG_INFORMATION_FORMAT = dwarf;
				ENABLE_STRICT_OBJC_MSGSEND = YES;
				ENABLE_TESTABILITY = YES;
				GCC_C_LANGUAGE_STANDARD = gnu11;
				GCC_DYNAMIC_NO_PIC = NO;
				GCC_NO_COMMON_BLOCKS = YES;
				GCC_OPTIMIZATION_LEVEL = 0;
				GCC_PREPROCESSOR_DEFINITIONS = (
					"DEBUG=1",
					"$(inherited)",
				);
				GCC_WARN_64_TO_32_BIT_CONVERSION = YES;
				GCC_WARN_ABOUT_RETURN_TYPE = YES_ERROR;
				GCC_WARN_UNDECLARED_SELECTOR = YES;
				GCC_WARN_UNINITIALIZED_AUTOS = YES_AGGRESSIVE;
				GCC_WARN_UNUSED_FUNCTION = YES;
				GCC_WARN_UNUSED_VARIABLE = YES;
				IPHONEOS_DEPLOYMENT_TARGET = 13.2;
				MTL_ENABLE_DEBUG_INFO = INCLUDE_SOURCE;
				MTL_FAST_MATH = YES;
				ONLY_ACTIVE_ARCH = YES;
				SDKROOT = iphoneos;
				SWIFT_ACTIVE_COMPILATION_CONDITIONS = DEBUG;
				SWIFT_OPTIMIZATION_LEVEL = "-Onone";
			};
			name = Debug;
		};
		03DA6A9026B0494A00030802 /* Release */ = {
			isa = XCBuildConfiguration;
			buildSettings = {
				ALWAYS_SEARCH_USER_PATHS = NO;
				CLANG_ANALYZER_NONNULL = YES;
				CLANG_ANALYZER_NUMBER_OBJECT_CONVERSION = YES_AGGRESSIVE;
				CLANG_CXX_LANGUAGE_STANDARD = "gnu++14";
				CLANG_CXX_LIBRARY = "libc++";
				CLANG_ENABLE_MODULES = YES;
				CLANG_ENABLE_OBJC_ARC = YES;
				CLANG_ENABLE_OBJC_WEAK = YES;
				CLANG_WARN_BLOCK_CAPTURE_AUTORELEASING = YES;
				CLANG_WARN_BOOL_CONVERSION = YES;
				CLANG_WARN_COMMA = YES;
				CLANG_WARN_CONSTANT_CONVERSION = YES;
				CLANG_WARN_DEPRECATED_OBJC_IMPLEMENTATIONS = YES;
				CLANG_WARN_DIRECT_OBJC_ISA_USAGE = YES_ERROR;
				CLANG_WARN_DOCUMENTATION_COMMENTS = YES;
				CLANG_WARN_EMPTY_BODY = YES;
				CLANG_WARN_ENUM_CONVERSION = YES;
				CLANG_WARN_INFINITE_RECURSION = YES;
				CLANG_WARN_INT_CONVERSION = YES;
				CLANG_WARN_NON_LITERAL_NULL_CONVERSION = YES;
				CLANG_WARN_OBJC_IMPLICIT_RETAIN_SELF = YES;
				CLANG_WARN_OBJC_LITERAL_CONVERSION = YES;
				CLANG_WARN_OBJC_ROOT_CLASS = YES_ERROR;
				CLANG_WARN_RANGE_LOOP_ANALYSIS = YES;
				CLANG_WARN_STRICT_PROTOTYPES = YES;
				CLANG_WARN_SUSPICIOUS_MOVE = YES;
				CLANG_WARN_UNGUARDED_AVAILABILITY = YES_AGGRESSIVE;
				CLANG_WARN_UNREACHABLE_CODE = YES;
				CLANG_WARN__DUPLICATE_METHOD_MATCH = YES;
				COPY_PHASE_STRIP = NO;
				DEBUG_INFORMATION_FORMAT = "dwarf-with-dsym";
				ENABLE_NS_ASSERTIONS = NO;
				ENABLE_STRICT_OBJC_MSGSEND = YES;
				GCC_C_LANGUAGE_STANDARD = gnu11;
				GCC_NO_COMMON_BLOCKS = YES;
				GCC_WARN_64_TO_32_BIT_CONVERSION = YES;
				GCC_WARN_ABOUT_RETURN_TYPE = YES_ERROR;
				GCC_WARN_UNDECLARED_SELECTOR = YES;
				GCC_WARN_UNINITIALIZED_AUTOS = YES_AGGRESSIVE;
				GCC_WARN_UNUSED_FUNCTION = YES;
				GCC_WARN_UNUSED_VARIABLE = YES;
				IPHONEOS_DEPLOYMENT_TARGET = 13.2;
				MTL_ENABLE_DEBUG_INFO = NO;
				MTL_FAST_MATH = YES;
				SDKROOT = iphoneos;
				SWIFT_COMPILATION_MODE = wholemodule;
				SWIFT_OPTIMIZATION_LEVEL = "-O";
				VALIDATE_PRODUCT = YES;
			};
			name = Release;
		};
		03DA6A9226B0494A00030802 /* Debug */ = {
			isa = XCBuildConfiguration;
			baseConfigurationReference = 639E12448ABA475BD5981682 /* Pods-TrianglzTask.debug.xcconfig */;
			buildSettings = {
				ASSETCATALOG_COMPILER_APPICON_NAME = AppIcon;
				CODE_SIGN_STYLE = Automatic;
				DEVELOPMENT_TEAM = Q57WS5K7MW;
				INFOPLIST_FILE = TrianglzTask/Info.plist;
				LD_RUNPATH_SEARCH_PATHS = (
					"$(inherited)",
					"@executable_path/Frameworks",
				);
				PRODUCT_BUNDLE_IDENTIFIER = aya.TrianglzTask;
				PRODUCT_NAME = "$(TARGET_NAME)";
				SWIFT_VERSION = 5.0;
				TARGETED_DEVICE_FAMILY = "1,2";
			};
			name = Debug;
		};
		03DA6A9326B0494A00030802 /* Release */ = {
			isa = XCBuildConfiguration;
			baseConfigurationReference = F17189FDE0E1F09E02EBC3EF /* Pods-TrianglzTask.release.xcconfig */;
			buildSettings = {
				ASSETCATALOG_COMPILER_APPICON_NAME = AppIcon;
				CODE_SIGN_STYLE = Automatic;
				DEVELOPMENT_TEAM = Q57WS5K7MW;
				INFOPLIST_FILE = TrianglzTask/Info.plist;
				LD_RUNPATH_SEARCH_PATHS = (
					"$(inherited)",
					"@executable_path/Frameworks",
				);
				PRODUCT_BUNDLE_IDENTIFIER = aya.TrianglzTask;
				PRODUCT_NAME = "$(TARGET_NAME)";
				SWIFT_VERSION = 5.0;
				TARGETED_DEVICE_FAMILY = "1,2";
			};
			name = Release;
		};
/* End XCBuildConfiguration section */

/* Begin XCConfigurationList section */
		03DA6A7826B0494800030802 /* Build configuration list for PBXProject "TrianglzTask" */ = {
			isa = XCConfigurationList;
			buildConfigurations = (
				03DA6A8F26B0494A00030802 /* Debug */,
				03DA6A9026B0494A00030802 /* Release */,
			);
			defaultConfigurationIsVisible = 0;
			defaultConfigurationName = Release;
		};
		03DA6A9126B0494A00030802 /* Build configuration list for PBXNativeTarget "TrianglzTask" */ = {
			isa = XCConfigurationList;
			buildConfigurations = (
				03DA6A9226B0494A00030802 /* Debug */,
				03DA6A9326B0494A00030802 /* Release */,
			);
			defaultConfigurationIsVisible = 0;
			defaultConfigurationName = Release;
		};
/* End XCConfigurationList section */
	};
	rootObject = 03DA6A7526B0494800030802 /* Project object */;
}
